
Microsoft Visual Studio Solution File, Format Version 12.00
# Visual Studio Version 16
VisualStudioVersion = 16.0.30406.217
MinimumVisualStudioVersion = 15.0.26124.0
Project("{6EC3EE1D-3C4E-46DD-8F32-0CC8E7565705}") = "TMEA", "src\TMEA\TMEA.fsproj", "{36736D2A-FED9-469B-BF4B-7E9592F17E7C}"
EndProject
Project("{2150E333-8FDC-42A3-9474-1A3956D46DE8}") = "Tools", "Tools", "{B543D949-2FB1-4745-9FBF-703B61558E8E}"
	ProjectSection(SolutionItems) = preProject
		build.fsx = build.fsx
		.config\dotnet-tools.json = .config\dotnet-tools.json
		fake.cmd = fake.cmd
		fake.sh = fake.sh
		global.json = global.json
		paket.dependencies = paket.dependencies
	EndProjectSection
EndProject
Project("{2150E333-8FDC-42A3-9474-1A3956D46DE8}") = "Github", "Github", "{30F2F416-1C16-4B39-99D3-BEC166ED5DD7}"
	ProjectSection(SolutionItems) = preProject
		.gitignore = .gitignore
		LICENSE = LICENSE
		README.md = README.md
	EndProjectSection
EndProject
Project("{2150E333-8FDC-42A3-9474-1A3956D46DE8}") = "Project", "Project", "{55D52760-ACF5-47D0-81DF-BEABF78443CC}"
	ProjectSection(SolutionItems) = preProject
		LICENSE = LICENSE
		README.md = README.md
		RELEASE_NOTES.md = RELEASE_NOTES.md
	EndProjectSection
EndProject
Global
	GlobalSection(SolutionConfigurationPlatforms) = preSolution
		Debug|Any CPU = Debug|Any CPU
		Debug|x64 = Debug|x64
		Debug|x86 = Debug|x86
		Release|Any CPU = Release|Any CPU
		Release|x64 = Release|x64
		Release|x86 = Release|x86
	EndGlobalSection
	GlobalSection(ProjectConfigurationPlatforms) = postSolution
		{36736D2A-FED9-469B-BF4B-7E9592F17E7C}.Debug|Any CPU.ActiveCfg = Debug|Any CPU
		{36736D2A-FED9-469B-BF4B-7E9592F17E7C}.Debug|Any CPU.Build.0 = Debug|Any CPU
		{36736D2A-FED9-469B-BF4B-7E9592F17E7C}.Debug|x64.ActiveCfg = Debug|Any CPU
		{36736D2A-FED9-469B-BF4B-7E9592F17E7C}.Debug|x64.Build.0 = Debug|Any CPU
		{36736D2A-FED9-469B-BF4B-7E9592F17E7C}.Debug|x86.ActiveCfg = Debug|Any CPU
		{36736D2A-FED9-469B-BF4B-7E9592F17E7C}.Debug|x86.Build.0 = Debug|Any CPU
		{36736D2A-FED9-469B-BF4B-7E9592F17E7C}.Release|Any CPU.ActiveCfg = Release|Any CPU
		{36736D2A-FED9-469B-BF4B-7E9592F17E7C}.Release|Any CPU.Build.0 = Release|Any CPU
		{36736D2A-FED9-469B-BF4B-7E9592F17E7C}.Release|x64.ActiveCfg = Release|Any CPU
		{36736D2A-FED9-469B-BF4B-7E9592F17E7C}.Release|x64.Build.0 = Release|Any CPU
		{36736D2A-FED9-469B-BF4B-7E9592F17E7C}.Release|x86.ActiveCfg = Release|Any CPU
		{36736D2A-FED9-469B-BF4B-7E9592F17E7C}.Release|x86.Build.0 = Release|Any CPU
	EndGlobalSection
	GlobalSection(SolutionProperties) = preSolution
		HideSolutionNode = FALSE
	EndGlobalSection
	GlobalSection(ExtensibilityGlobals) = postSolution
		SolutionGuid = {70EA16C4-20B6-4A04-8538-FF57643540A3}
	EndGlobalSection
EndGlobal
