
Microsoft Visual Studio Solution File, Format Version 12.00
# Visual Studio Version 16
VisualStudioVersion = 16.0.30406.217
MinimumVisualStudioVersion = 15.0.26124.0
Project("{6EC3EE1D-3C4E-46DD-8F32-0CC8E7565705}") = "TSEA", "src\TSEA\TSEA.fsproj", "{892DB760-693E-4415-9F53-3392B1C6AAFA}"
EndProject
Project("{2150E333-8FDC-42A3-9474-1A3956D46DE8}") = "tools", "tools", "{9A629F0A-FF66-4352-BFFC-35231B83D0CA}"
	ProjectSection(SolutionItems) = preProject
		build.fsx = build.fsx
		fake.cmd = fake.cmd
		fake.sh = fake.sh
		paket.dependencies = paket.dependencies
	EndProjectSection
EndProject
Global
	GlobalSection(SolutionConfigurationPlatforms) = preSolution
		Debug|Any CPU = Debug|Any CPU
		Debug|x64 = Debug|x64
		Debug|x86 = Debug|x86
		Release|Any CPU = Release|Any CPU
		Release|x64 = Release|x64
		Release|x86 = Release|x86
	EndGlobalSection
	GlobalSection(ProjectConfigurationPlatforms) = postSolution
		{892DB760-693E-4415-9F53-3392B1C6AAFA}.Debug|Any CPU.ActiveCfg = Debug|Any CPU
		{892DB760-693E-4415-9F53-3392B1C6AAFA}.Debug|Any CPU.Build.0 = Debug|Any CPU
		{892DB760-693E-4415-9F53-3392B1C6AAFA}.Debug|x64.ActiveCfg = Debug|Any CPU
		{892DB760-693E-4415-9F53-3392B1C6AAFA}.Debug|x64.Build.0 = Debug|Any CPU
		{892DB760-693E-4415-9F53-3392B1C6AAFA}.Debug|x86.ActiveCfg = Debug|Any CPU
		{892DB760-693E-4415-9F53-3392B1C6AAFA}.Debug|x86.Build.0 = Debug|Any CPU
		{892DB760-693E-4415-9F53-3392B1C6AAFA}.Release|Any CPU.ActiveCfg = Release|Any CPU
		{892DB760-693E-4415-9F53-3392B1C6AAFA}.Release|Any CPU.Build.0 = Release|Any CPU
		{892DB760-693E-4415-9F53-3392B1C6AAFA}.Release|x64.ActiveCfg = Release|Any CPU
		{892DB760-693E-4415-9F53-3392B1C6AAFA}.Release|x64.Build.0 = Release|Any CPU
		{892DB760-693E-4415-9F53-3392B1C6AAFA}.Release|x86.ActiveCfg = Release|Any CPU
		{892DB760-693E-4415-9F53-3392B1C6AAFA}.Release|x86.Build.0 = Release|Any CPU
	EndGlobalSection
	GlobalSection(SolutionProperties) = preSolution
		HideSolutionNode = FALSE
	EndGlobalSection
	GlobalSection(ExtensibilityGlobals) = postSolution
		SolutionGuid = {0EC48ECD-5B22-4D54-A45C-646F404C8108}
	EndGlobalSection
EndGlobal
